
Microsoft Visual Studio Solution File, Format Version 12.00
# Visual Studio 2013
VisualStudioVersion = 12.0.21005.1
MinimumVisualStudioVersion = 10.0.40219.1
Project("{8BC9CEB8-8B4A-11D0-8D11-00A0C91BC942}") = "glm", "glm.vcxproj", "{9AA576AE-B23B-4849-9A90-DB04028A3E9A}"
EndProject
Project("{8BC9CEB8-8B4A-11D0-8D11-00A0C91BC942}") = "smooth", "smooth.vcxproj", "{8294767A-C89A-4034-8E7C-19C7B6693DAC}"
EndProject
Global
	GlobalSection(SolutionConfigurationPlatforms) = preSolution
		Debug|Win32 = Debug|Win32
		Release|Win32 = Release|Win32
		Template|Win32 = Template|Win32
	EndGlobalSection
	GlobalSection(ProjectConfigurationPlatforms) = postSolution
		{9AA576AE-B23B-4849-9A90-DB04028A3E9A}.Debug|Win32.ActiveCfg = Debug|Win32
		{9AA576AE-B23B-4849-9A90-DB04028A3E9A}.Debug|Win32.Build.0 = Debug|Win32
		{9AA576AE-B23B-4849-9A90-DB04028A3E9A}.Release|Win32.ActiveCfg = Release|Win32
		{9AA576AE-B23B-4849-9A90-DB04028A3E9A}.Release|Win32.Build.0 = Release|Win32
		{9AA576AE-B23B-4849-9A90-DB04028A3E9A}.Template|Win32.ActiveCfg = Release|Win32
		{9AA576AE-B23B-4849-9A90-DB04028A3E9A}.Template|Win32.Build.0 = Release|Win32
		{8294767A-C89A-4034-8E7C-19C7B6693DAC}.Debug|Win32.ActiveCfg = Debug|Win32
		{8294767A-C89A-4034-8E7C-19C7B6693DAC}.Debug|Win32.Build.0 = Debug|Win32
		{8294767A-C89A-4034-8E7C-19C7B6693DAC}.Release|Win32.ActiveCfg = Release|Win32
		{8294767A-C89A-4034-8E7C-19C7B6693DAC}.Release|Win32.Build.0 = Release|Win32
		{8294767A-C89A-4034-8E7C-19C7B6693DAC}.Template|Win32.ActiveCfg = Template|Win32
		{8294767A-C89A-4034-8E7C-19C7B6693DAC}.Template|Win32.Build.0 = Template|Win32
	EndGlobalSection
	GlobalSection(SolutionProperties) = preSolution
		HideSolutionNode = FALSE
	EndGlobalSection
EndGlobal
